Microsoft Visual Studio Solution File, Format Version 12.00
# Visual Studio 2012
Project("{2150E333-8FDC-42A3-9474-1A3956D46DE8}") = "Solution Items", "Solution Items", "{CBDD9E14-DB01-4A87-8579-A3A1879C4EAE}"
	ProjectSection(SolutionItems) = preProject
		FontHelper.cs = FontHelper.cs
	EndProjectSection
EndProject
Project("{FAE04EC0-301F-11D3-BF4B-00C04F79EFBC}") = "ChapterGrabber", "ChapterGrabber.csproj", "{CA7A6315-94D9-4070-9C1A-B59CDB8A1CA8}"
EndProject
Project("{FAE04EC0-301F-11D3-BF4B-00C04F79EFBC}") = "Test", "Test\Test.csproj", "{44487F21-7BB8-49C8-85DC-5A1FD8C71CF0}"
EndProject
Global
	GlobalSection(TestCaseManagementSettings) = postSolution
		CategoryFile = ChapterGrabber.vsmdi
	EndGlobalSection
	GlobalSection(SolutionConfigurationPlatforms) = preSolution
		Debug|Any CPU = Debug|Any CPU
		Debug|Mixed Platforms = Debug|Mixed Platforms
		Debug|x86 = Debug|x86
		Release|Any CPU = Release|Any CPU
		Release|Mixed Platforms = Release|Mixed Platforms
		Release|x86 = Release|x86
	EndGlobalSection
	GlobalSection(ProjectConfigurationPlatforms) = postSolution
		{CA7A6315-94D9-4070-9C1A-B59CDB8A1CA8}.Debug|Any CPU.ActiveCfg = Debug|Any CPU
		{CA7A6315-94D9-4070-9C1A-B59CDB8A1CA8}.Debug|Any CPU.Build.0 = Debug|Any CPU
		{CA7A6315-94D9-4070-9C1A-B59CDB8A1CA8}.Debug|Mixed Platforms.ActiveCfg = Debug|Any CPU
		{CA7A6315-94D9-4070-9C1A-B59CDB8A1CA8}.Debug|Mixed Platforms.Build.0 = Debug|Any CPU
		{CA7A6315-94D9-4070-9C1A-B59CDB8A1CA8}.Debug|x86.ActiveCfg = Debug|Any CPU
		{CA7A6315-94D9-4070-9C1A-B59CDB8A1CA8}.Release|Any CPU.ActiveCfg = Release|Any CPU
		{CA7A6315-94D9-4070-9C1A-B59CDB8A1CA8}.Release|Any CPU.Build.0 = Release|Any CPU
		{CA7A6315-94D9-4070-9C1A-B59CDB8A1CA8}.Release|Mixed Platforms.ActiveCfg = Release|Any CPU
		{CA7A6315-94D9-4070-9C1A-B59CDB8A1CA8}.Release|Mixed Platforms.Build.0 = Release|Any CPU
		{CA7A6315-94D9-4070-9C1A-B59CDB8A1CA8}.Release|x86.ActiveCfg = Release|Any CPU
		{44487F21-7BB8-49C8-85DC-5A1FD8C71CF0}.Debug|Any CPU.ActiveCfg = Debug|Any CPU
		{44487F21-7BB8-49C8-85DC-5A1FD8C71CF0}.Debug|Any CPU.Build.0 = Debug|Any CPU
		{44487F21-7BB8-49C8-85DC-5A1FD8C71CF0}.Debug|Mixed Platforms.ActiveCfg = Debug|Any CPU
		{44487F21-7BB8-49C8-85DC-5A1FD8C71CF0}.Debug|Mixed Platforms.Build.0 = Debug|Any CPU
		{44487F21-7BB8-49C8-85DC-5A1FD8C71CF0}.Debug|x86.ActiveCfg = Debug|Any CPU
		{44487F21-7BB8-49C8-85DC-5A1FD8C71CF0}.Release|Any CPU.ActiveCfg = Debug|Any CPU
		{44487F21-7BB8-49C8-85DC-5A1FD8C71CF0}.Release|Any CPU.Build.0 = Debug|Any CPU
		{44487F21-7BB8-49C8-85DC-5A1FD8C71CF0}.Release|Mixed Platforms.ActiveCfg = Release|Any CPU
		{44487F21-7BB8-49C8-85DC-5A1FD8C71CF0}.Release|Mixed Platforms.Build.0 = Release|Any CPU
		{44487F21-7BB8-49C8-85DC-5A1FD8C71CF0}.Release|x86.ActiveCfg = Release|Any CPU
	EndGlobalSection
	GlobalSection(SolutionProperties) = preSolution
		HideSolutionNode = FALSE
	EndGlobalSection
	GlobalSection(ExtensibilityGlobals) = postSolution
		XCSharpProjectsDisabled = 
		XCSharpSolutionEnabled = True
	EndGlobalSection
EndGlobal
